
Microsoft Visual Studio Solution File, Format Version 12.00
# Visual Studio Version 16
VisualStudioVersion = 16.0.31424.327
MinimumVisualStudioVersion = 10.0.40219.1
Project("{9A19103F-16F7-4668-BE54-9A1E7A4F7556}") = "Targil0", "Targil0\Targil0.csproj", "{34E9670A-196E-41F5-B2C2-B698B0B43F94}"
EndProject
Project("{2150E333-8FDC-42A3-9474-1A3956D46DE8}") = "Solution Items", "Solution Items", "{A3D87A8B-5CCB-432E-9980-011F422F6D44}"
	ProjectSection(SolutionItems) = preProject
		..\README.md = ..\README.md
	EndProjectSection
EndProject
Project("{2150E333-8FDC-42A3-9474-1A3956D46DE8}") = "Solution Items (2)", "Solution Items (2)", "{177AC3E8-8327-43D0-A35A-F83F3606AEFB}"
	ProjectSection(SolutionItems) = preProject
		..\README.md = ..\README.md
	EndProjectSection
EndProject
Project("{9A19103F-16F7-4668-BE54-9A1E7A4F7556}") = "DAL", "DAL\DAL.csproj", "{8723B5A2-D199-4429-AB5C-9D7493E04EDD}"
EndProject
Project("{9A19103F-16F7-4668-BE54-9A1E7A4F7556}") = "ConsuleUI", "ConsuleUI\ConsuleUI.csproj", "{71554BE4-0941-4732-94A0-238F409A837C}"
EndProject
Project("{9A19103F-16F7-4668-BE54-9A1E7A4F7556}") = "BL", "BL\BL.csproj", "{D17E8139-EDF4-4842-A1C7-8887AA31D371}"
EndProject
Project("{9A19103F-16F7-4668-BE54-9A1E7A4F7556}") = "ConsoleUI_BL", "ConsuleUI_BL\ConsoleUI_BL.csproj", "{77AD52EC-700F-4630-AB93-3820C6C0ED49}"
EndProject
Project("{FAE04EC0-301F-11D3-BF4B-00C04F79EFBC}") = "StringUtilities", "StringUtilities\StringUtilities.csproj", "{76623B9E-BB71-4946-8462-AF82195582B2}"
EndProject
Global
	GlobalSection(SolutionConfigurationPlatforms) = preSolution
		Debug|Any CPU = Debug|Any CPU
		Release|Any CPU = Release|Any CPU
	EndGlobalSection
	GlobalSection(ProjectConfigurationPlatforms) = postSolution
		{34E9670A-196E-41F5-B2C2-B698B0B43F94}.Debug|Any CPU.ActiveCfg = Debug|Any CPU
		{34E9670A-196E-41F5-B2C2-B698B0B43F94}.Debug|Any CPU.Build.0 = Debug|Any CPU
		{34E9670A-196E-41F5-B2C2-B698B0B43F94}.Release|Any CPU.ActiveCfg = Release|Any CPU
		{34E9670A-196E-41F5-B2C2-B698B0B43F94}.Release|Any CPU.Build.0 = Release|Any CPU
		{8723B5A2-D199-4429-AB5C-9D7493E04EDD}.Debug|Any CPU.ActiveCfg = Debug|Any CPU
		{8723B5A2-D199-4429-AB5C-9D7493E04EDD}.Debug|Any CPU.Build.0 = Debug|Any CPU
		{8723B5A2-D199-4429-AB5C-9D7493E04EDD}.Release|Any CPU.ActiveCfg = Release|Any CPU
		{8723B5A2-D199-4429-AB5C-9D7493E04EDD}.Release|Any CPU.Build.0 = Release|Any CPU
		{71554BE4-0941-4732-94A0-238F409A837C}.Debug|Any CPU.ActiveCfg = Debug|Any CPU
		{71554BE4-0941-4732-94A0-238F409A837C}.Debug|Any CPU.Build.0 = Debug|Any CPU
		{71554BE4-0941-4732-94A0-238F409A837C}.Release|Any CPU.ActiveCfg = Release|Any CPU
		{71554BE4-0941-4732-94A0-238F409A837C}.Release|Any CPU.Build.0 = Release|Any CPU
		{D17E8139-EDF4-4842-A1C7-8887AA31D371}.Debug|Any CPU.ActiveCfg = Debug|Any CPU
		{D17E8139-EDF4-4842-A1C7-8887AA31D371}.Debug|Any CPU.Build.0 = Debug|Any CPU
		{D17E8139-EDF4-4842-A1C7-8887AA31D371}.Release|Any CPU.ActiveCfg = Release|Any CPU
		{D17E8139-EDF4-4842-A1C7-8887AA31D371}.Release|Any CPU.Build.0 = Release|Any CPU
		{77AD52EC-700F-4630-AB93-3820C6C0ED49}.Debug|Any CPU.ActiveCfg = Debug|Any CPU
		{77AD52EC-700F-4630-AB93-3820C6C0ED49}.Debug|Any CPU.Build.0 = Debug|Any CPU
		{77AD52EC-700F-4630-AB93-3820C6C0ED49}.Release|Any CPU.ActiveCfg = Release|Any CPU
		{77AD52EC-700F-4630-AB93-3820C6C0ED49}.Release|Any CPU.Build.0 = Release|Any CPU
		{76623B9E-BB71-4946-8462-AF82195582B2}.Debug|Any CPU.ActiveCfg = Debug|Any CPU
		{76623B9E-BB71-4946-8462-AF82195582B2}.Debug|Any CPU.Build.0 = Debug|Any CPU
		{76623B9E-BB71-4946-8462-AF82195582B2}.Release|Any CPU.ActiveCfg = Release|Any CPU
		{76623B9E-BB71-4946-8462-AF82195582B2}.Release|Any CPU.Build.0 = Release|Any CPU
	EndGlobalSection
	GlobalSection(SolutionProperties) = preSolution
		HideSolutionNode = FALSE
	EndGlobalSection
	GlobalSection(NestedProjects) = preSolution
		{8723B5A2-D199-4429-AB5C-9D7493E04EDD} = {177AC3E8-8327-43D0-A35A-F83F3606AEFB}
		{71554BE4-0941-4732-94A0-238F409A837C} = {177AC3E8-8327-43D0-A35A-F83F3606AEFB}
	EndGlobalSection
	GlobalSection(ExtensibilityGlobals) = postSolution
		SolutionGuid = {373FC711-C19E-458A-B0EF-9C5575DC45F0}
	EndGlobalSection
EndGlobal
